
Microsoft Visual Studio Solution File, Format Version 12.00
# Visual Studio Version 16
VisualStudioVersion = 16.0.31129.286
MinimumVisualStudioVersion = 10.0.40219.1
Project("{9A19103F-16F7-4668-BE54-9A1E7A4F7556}") = "APITaxiPay", "ApiTaxiPay\APITaxiPay.csproj", "{EDDDA62C-4DD5-4E40-8E6D-2C9FE8D26BDD}"
EndProject
Project("{FAE04EC0-301F-11D3-BF4B-00C04F79EFBC}") = "AppTaxiPay.Android", "AppTaxiPay\AppTaxiPay.Android\AppTaxiPay.Android.csproj", "{0B9CD638-EF02-4ADF-9FF0-A45B9A945BA6}"
EndProject
Project("{FAE04EC0-301F-11D3-BF4B-00C04F79EFBC}") = "AppTaxiPay.iOS", "AppTaxiPay\AppTaxiPay.iOS\AppTaxiPay.iOS.csproj", "{C6B5701C-AA0C-4D48-822A-C1D793591D15}"
EndProject
Project("{FAE04EC0-301F-11D3-BF4B-00C04F79EFBC}") = "AppTaxiPay", "AppTaxiPay\AppTaxiPay\AppTaxiPay.csproj", "{D12B4793-9D8D-4FBA-8AC0-33F941A08B6F}"
EndProject
Project("{FAE04EC0-301F-11D3-BF4B-00C04F79EFBC}") = "WebTaxiPay", "WebTaxiPay\WebTaxiPay.csproj", "{A709BFF6-C267-4FAF-809A-E8B3CC404B79}"
EndProject
Global
	GlobalSection(SolutionConfigurationPlatforms) = preSolution
		Debug|Any CPU = Debug|Any CPU
		Debug|iPhone = Debug|iPhone
		Debug|iPhoneSimulator = Debug|iPhoneSimulator
		Release|Any CPU = Release|Any CPU
		Release|iPhone = Release|iPhone
		Release|iPhoneSimulator = Release|iPhoneSimulator
	EndGlobalSection
	GlobalSection(ProjectConfigurationPlatforms) = postSolution
		{EDDDA62C-4DD5-4E40-8E6D-2C9FE8D26BDD}.Debug|Any CPU.ActiveCfg = Debug|Any CPU
		{EDDDA62C-4DD5-4E40-8E6D-2C9FE8D26BDD}.Debug|Any CPU.Build.0 = Debug|Any CPU
		{EDDDA62C-4DD5-4E40-8E6D-2C9FE8D26BDD}.Debug|iPhone.ActiveCfg = Debug|Any CPU
		{EDDDA62C-4DD5-4E40-8E6D-2C9FE8D26BDD}.Debug|iPhone.Build.0 = Debug|Any CPU
		{EDDDA62C-4DD5-4E40-8E6D-2C9FE8D26BDD}.Debug|iPhoneSimulator.ActiveCfg = Debug|Any CPU
		{EDDDA62C-4DD5-4E40-8E6D-2C9FE8D26BDD}.Debug|iPhoneSimulator.Build.0 = Debug|Any CPU
		{EDDDA62C-4DD5-4E40-8E6D-2C9FE8D26BDD}.Release|Any CPU.ActiveCfg = Release|Any CPU
		{EDDDA62C-4DD5-4E40-8E6D-2C9FE8D26BDD}.Release|Any CPU.Build.0 = Release|Any CPU
		{EDDDA62C-4DD5-4E40-8E6D-2C9FE8D26BDD}.Release|iPhone.ActiveCfg = Release|Any CPU
		{EDDDA62C-4DD5-4E40-8E6D-2C9FE8D26BDD}.Release|iPhone.Build.0 = Release|Any CPU
		{EDDDA62C-4DD5-4E40-8E6D-2C9FE8D26BDD}.Release|iPhoneSimulator.ActiveCfg = Release|Any CPU
		{EDDDA62C-4DD5-4E40-8E6D-2C9FE8D26BDD}.Release|iPhoneSimulator.Build.0 = Release|Any CPU
		{0B9CD638-EF02-4ADF-9FF0-A45B9A945BA6}.Debug|Any CPU.ActiveCfg = Debug|Any CPU
		{0B9CD638-EF02-4ADF-9FF0-A45B9A945BA6}.Debug|Any CPU.Build.0 = Debug|Any CPU
		{0B9CD638-EF02-4ADF-9FF0-A45B9A945BA6}.Debug|Any CPU.Deploy.0 = Debug|Any CPU
		{0B9CD638-EF02-4ADF-9FF0-A45B9A945BA6}.Debug|iPhone.ActiveCfg = Debug|Any CPU
		{0B9CD638-EF02-4ADF-9FF0-A45B9A945BA6}.Debug|iPhone.Build.0 = Debug|Any CPU
		{0B9CD638-EF02-4ADF-9FF0-A45B9A945BA6}.Debug|iPhone.Deploy.0 = Debug|Any CPU
		{0B9CD638-EF02-4ADF-9FF0-A45B9A945BA6}.Debug|iPhoneSimulator.ActiveCfg = Debug|Any CPU
		{0B9CD638-EF02-4ADF-9FF0-A45B9A945BA6}.Debug|iPhoneSimulator.Build.0 = Debug|Any CPU
		{0B9CD638-EF02-4ADF-9FF0-A45B9A945BA6}.Debug|iPhoneSimulator.Deploy.0 = Debug|Any CPU
		{0B9CD638-EF02-4ADF-9FF0-A45B9A945BA6}.Release|Any CPU.ActiveCfg = Release|Any CPU
		{0B9CD638-EF02-4ADF-9FF0-A45B9A945BA6}.Release|Any CPU.Build.0 = Release|Any CPU
		{0B9CD638-EF02-4ADF-9FF0-A45B9A945BA6}.Release|Any CPU.Deploy.0 = Release|Any CPU
		{0B9CD638-EF02-4ADF-9FF0-A45B9A945BA6}.Release|iPhone.ActiveCfg = Release|Any CPU
		{0B9CD638-EF02-4ADF-9FF0-A45B9A945BA6}.Release|iPhone.Build.0 = Release|Any CPU
		{0B9CD638-EF02-4ADF-9FF0-A45B9A945BA6}.Release|iPhone.Deploy.0 = Release|Any CPU
		{0B9CD638-EF02-4ADF-9FF0-A45B9A945BA6}.Release|iPhoneSimulator.ActiveCfg = Release|Any CPU
		{0B9CD638-EF02-4ADF-9FF0-A45B9A945BA6}.Release|iPhoneSimulator.Build.0 = Release|Any CPU
		{0B9CD638-EF02-4ADF-9FF0-A45B9A945BA6}.Release|iPhoneSimulator.Deploy.0 = Release|Any CPU
		{C6B5701C-AA0C-4D48-822A-C1D793591D15}.Debug|Any CPU.ActiveCfg = Debug|iPhoneSimulator
		{C6B5701C-AA0C-4D48-822A-C1D793591D15}.Debug|iPhone.ActiveCfg = Debug|iPhone
		{C6B5701C-AA0C-4D48-822A-C1D793591D15}.Debug|iPhone.Build.0 = Debug|iPhone
		{C6B5701C-AA0C-4D48-822A-C1D793591D15}.Debug|iPhoneSimulator.ActiveCfg = Debug|iPhoneSimulator
		{C6B5701C-AA0C-4D48-822A-C1D793591D15}.Debug|iPhoneSimulator.Build.0 = Debug|iPhoneSimulator
		{C6B5701C-AA0C-4D48-822A-C1D793591D15}.Release|Any CPU.ActiveCfg = Release|iPhoneSimulator
		{C6B5701C-AA0C-4D48-822A-C1D793591D15}.Release|iPhone.ActiveCfg = Release|iPhone
		{C6B5701C-AA0C-4D48-822A-C1D793591D15}.Release|iPhone.Build.0 = Release|iPhone
		{C6B5701C-AA0C-4D48-822A-C1D793591D15}.Release|iPhoneSimulator.ActiveCfg = Release|iPhoneSimulator
		{C6B5701C-AA0C-4D48-822A-C1D793591D15}.Release|iPhoneSimulator.Build.0 = Release|iPhoneSimulator
		{D12B4793-9D8D-4FBA-8AC0-33F941A08B6F}.Debug|Any CPU.ActiveCfg = Debug|Any CPU
		{D12B4793-9D8D-4FBA-8AC0-33F941A08B6F}.Debug|Any CPU.Build.0 = Debug|Any CPU
		{D12B4793-9D8D-4FBA-8AC0-33F941A08B6F}.Debug|iPhone.ActiveCfg = Debug|Any CPU
		{D12B4793-9D8D-4FBA-8AC0-33F941A08B6F}.Debug|iPhone.Build.0 = Debug|Any CPU
		{D12B4793-9D8D-4FBA-8AC0-33F941A08B6F}.Debug|iPhoneSimulator.ActiveCfg = Debug|Any CPU
		{D12B4793-9D8D-4FBA-8AC0-33F941A08B6F}.Debug|iPhoneSimulator.Build.0 = Debug|Any CPU
		{D12B4793-9D8D-4FBA-8AC0-33F941A08B6F}.Release|Any CPU.ActiveCfg = Release|Any CPU
		{D12B4793-9D8D-4FBA-8AC0-33F941A08B6F}.Release|Any CPU.Build.0 = Release|Any CPU
		{D12B4793-9D8D-4FBA-8AC0-33F941A08B6F}.Release|iPhone.ActiveCfg = Release|Any CPU
		{D12B4793-9D8D-4FBA-8AC0-33F941A08B6F}.Release|iPhone.Build.0 = Release|Any CPU
		{D12B4793-9D8D-4FBA-8AC0-33F941A08B6F}.Release|iPhoneSimulator.ActiveCfg = Release|Any CPU
		{D12B4793-9D8D-4FBA-8AC0-33F941A08B6F}.Release|iPhoneSimulator.Build.0 = Release|Any CPU
		{A709BFF6-C267-4FAF-809A-E8B3CC404B79}.Debug|Any CPU.ActiveCfg = Debug|Any CPU
		{A709BFF6-C267-4FAF-809A-E8B3CC404B79}.Debug|Any CPU.Build.0 = Debug|Any CPU
		{A709BFF6-C267-4FAF-809A-E8B3CC404B79}.Debug|iPhone.ActiveCfg = Debug|Any CPU
		{A709BFF6-C267-4FAF-809A-E8B3CC404B79}.Debug|iPhone.Build.0 = Debug|Any CPU
		{A709BFF6-C267-4FAF-809A-E8B3CC404B79}.Debug|iPhoneSimulator.ActiveCfg = Debug|Any CPU
		{A709BFF6-C267-4FAF-809A-E8B3CC404B79}.Debug|iPhoneSimulator.Build.0 = Debug|Any CPU
		{A709BFF6-C267-4FAF-809A-E8B3CC404B79}.Release|Any CPU.ActiveCfg = Release|Any CPU
		{A709BFF6-C267-4FAF-809A-E8B3CC404B79}.Release|Any CPU.Build.0 = Release|Any CPU
		{A709BFF6-C267-4FAF-809A-E8B3CC404B79}.Release|iPhone.ActiveCfg = Release|Any CPU
		{A709BFF6-C267-4FAF-809A-E8B3CC404B79}.Release|iPhone.Build.0 = Release|Any CPU
		{A709BFF6-C267-4FAF-809A-E8B3CC404B79}.Release|iPhoneSimulator.ActiveCfg = Release|Any CPU
		{A709BFF6-C267-4FAF-809A-E8B3CC404B79}.Release|iPhoneSimulator.Build.0 = Release|Any CPU
	EndGlobalSection
	GlobalSection(SolutionProperties) = preSolution
		HideSolutionNode = FALSE
	EndGlobalSection
	GlobalSection(ExtensibilityGlobals) = postSolution
		SolutionGuid = {0D70ECC1-9DBB-44A7-8B4D-8144668C0700}
	EndGlobalSection
EndGlobal
